# This file is generated by running "yarn install" inside your project.
# Manual changes might be lost - proceed with caution!

__metadata:
  version: 6
  cacheKey: 8

"savevision-operator-web@workspace:.":
  version: 0.0.0-use.local
  resolution: "savevision-operator-web@workspace:."
  dependencies:
    ws: ^8.16.0
  languageName: unknown
  linkType: soft

"ws@npm:^8.16.0":
  version: 8.21.0
  resolution: "ws@npm:8.21.0"
  peerDependencies:
    bufferutil: ^4.0.1
    utf-8-validate: ">=5.0.2"
  peerDependenciesMeta:
    bufferutil:
      optional: true
    utf-8-validate:
      optional: true
  checksum: 83ff89ae011bc5c3c5605a45a0d50e12589143c7500ca4de83a8d43b3cd26e71f422cb3206fd1a9e6d541d666eeb66255c30d095d62d413b3c7afe5d2c5cb928
  languageName: node
  linkType: hard
